{
  "name": "Password",
  "version": "1.0.0",
  "lockfileVersion": 1,
  "requires": true,
  "dependencies": {
    "fortify-js": {
      "version": "2.2.2",
      "resolved": "https://registry.npmjs.org/fortify-js/-/fortify-js-2.2.2.tgz",
      "integrity": "sha512-O9vZIeDDKqt+TmH4DK27cNUiN4I91y35+MTEo2grrqU5yqoIlL7jG9brJkPh2RH54genYDQi0FB2BZhKijL7kg=="
    },
    "passwordmeter-js": {
      "version": "0.0.1",
      "resolved": "https://registry.npmjs.org/passwordmeter-js/-/passwordmeter-js-0.0.1.tgz",
      "integrity": "sha512-DDxPhgzI3J4TIgYh0UP6h0LITTgLBQt3r7iHCbJrUZw4ZtXN87RSYu82zedR71AckwyGdZrfSOOfyYkVqrjudQ=="
    }
  }
}
